
Microsoft Visual Studio Solution File, Format Version 12.00
# Visual Studio Version 16
VisualStudioVersion = 16.0.31019.35
MinimumVisualStudioVersion = 10.0.40219.1
Project("{9A19103F-16F7-4668-BE54-9A1E7A4F7556}") = "AppMetricsPrometheus", "AppMetricsPrometheus\AppMetricsPrometheus.csproj", "{CDF07977-AA38-4D57-A50D-51F79CA93D0A}"
EndProject
Project("{2150E333-8FDC-42A3-9474-1A3956D46DE8}") = "Solution Items", "Solution Items", "{98567BD4-CE8B-4199-B5A1-397C41F12FAE}"
	ProjectSection(SolutionItems) = preProject
		.editorconfig = .editorconfig
	EndProjectSection
EndProject
Project("{FAE04EC0-301F-11D3-BF4B-00C04F79EFBC}") = "AppMetricsPrometheus.NetCore", "AppMetricsPrometheus.NetCore\AppMetricsPrometheus.NetCore.csproj", "{137F02D3-68D3-4FEE-B76A-C5DDB3714533}"
EndProject
Global
	GlobalSection(SolutionConfigurationPlatforms) = preSolution
		Debug|Any CPU = Debug|Any CPU
		Release|Any CPU = Release|Any CPU
	EndGlobalSection
	GlobalSection(ProjectConfigurationPlatforms) = postSolution
		{CDF07977-AA38-4D57-A50D-51F79CA93D0A}.Debug|Any CPU.ActiveCfg = Debug|Any CPU
		{CDF07977-AA38-4D57-A50D-51F79CA93D0A}.Debug|Any CPU.Build.0 = Debug|Any CPU
		{CDF07977-AA38-4D57-A50D-51F79CA93D0A}.Release|Any CPU.ActiveCfg = Release|Any CPU
		{CDF07977-AA38-4D57-A50D-51F79CA93D0A}.Release|Any CPU.Build.0 = Release|Any CPU
		{137F02D3-68D3-4FEE-B76A-C5DDB3714533}.Debug|Any CPU.ActiveCfg = Debug|Any CPU
		{137F02D3-68D3-4FEE-B76A-C5DDB3714533}.Debug|Any CPU.Build.0 = Debug|Any CPU
		{137F02D3-68D3-4FEE-B76A-C5DDB3714533}.Release|Any CPU.ActiveCfg = Release|Any CPU
		{137F02D3-68D3-4FEE-B76A-C5DDB3714533}.Release|Any CPU.Build.0 = Release|Any CPU
	EndGlobalSection
	GlobalSection(SolutionProperties) = preSolution
		HideSolutionNode = FALSE
	EndGlobalSection
	GlobalSection(ExtensibilityGlobals) = postSolution
		SolutionGuid = {50BF2110-1247-4C0D-A95F-3E2E0CCB7EF7}
	EndGlobalSection
EndGlobal
